// !$*UTF8*$!
{
	archiveVersion = 1;
	classes = {
	};
	objectVersion = 50;
	objects = {

/* Begin PBXBuildFile section */
		399A1B4A20943FAA00B28ECC /* AppDelegate.m in Sources */ = {isa = PBXBuildFile; fileRef = 399A1B4920943FAA00B28ECC /* AppDelegate.m */; };
		399A1B4D20943FAA00B28ECC /* ViewController.m in Sources */ = {isa = PBXBuildFile; fileRef = 399A1B4C20943FAA00B28ECC /* ViewController.m */; };
		399A1B5020943FAA00B28ECC /* Main.storyboard in Resources */ = {isa = PBXBuildFile; fileRef = 399A1B4E20943FAA00B28ECC /* Main.storyboard */; };
		399A1B5220943FAC00B28ECC /* Assets.xcassets in Resources */ = {isa = PBXBuildFile; fileRef = 399A1B5120943FAC00B28ECC /* Assets.xcassets */; };
		399A1B5520943FAC00B28ECC /* LaunchScreen.storyboard in Resources */ = {isa = PBXBuildFile; fileRef = 399A1B5320943FAC00B28ECC /* LaunchScreen.storyboard */; };
		399A1B5820943FAC00B28ECC /* main.m in Sources */ = {isa = PBXBuildFile; fileRef = 399A1B5720943FAC00B28ECC /* main.m */; };
		399A1B6220943FAC00B28ECC /* YJMusicWaveViewTests.m in Sources */ = {isa = PBXBuildFile; fileRef = 399A1B6120943FAC00B28ECC /* YJMusicWaveViewTests.m */; };
		399A1B6D20943FAC00B28ECC /* YJMusicWaveViewUITests.m in Sources */ = {isa = PBXBuildFile; fileRef = 399A1B6C20943FAC00B28ECC /* YJMusicWaveViewUITests.m */; };
		399A1B7D20943FD400B28ECC /* YJMusicWaveView.m in Sources */ = {isa = PBXBuildFile; fileRef = 399A1B7C20943FD400B28ECC /* YJMusicWaveView.m */; };
/* End PBXBuildFile section */

/* Begin PBXContainerItemProxy section */
		399A1B5E20943FAC00B28ECC /* PBXContainerItemProxy */ = {
			isa = PBXContainerItemProxy;
			containerPortal = 399A1B3D20943FAA00B28ECC /* Project object */;
			proxyType = 1;
			remoteGlobalIDString = 399A1B4420943FAA00B28ECC;
			remoteInfo = YJMusicWaveView;
		};
		399A1B6920943FAC00B28ECC /* PBXContainerItemProxy */ = {
			isa = PBXContainerItemProxy;
			containerPortal = 399A1B3D20943FAA00B28ECC /* Project object */;
			proxyType = 1;
			remoteGlobalIDString = 399A1B4420943FAA00B28ECC;
			remoteInfo = YJMusicWaveView;
		};
/* End PBXContainerItemProxy section */

/* Begin PBXFileReference section */
		399A1B4520943FAA00B28ECC /* YJMusicWaveView.app */ = {isa = PBXFileReference; explicitFileType = wrapper.application; includeInIndex = 0; path = YJMusicWaveView.app; sourceTree = BUILT_PRODUCTS_DIR; };
		399A1B4820943FAA00B28ECC /* AppDelegate.h */ = {isa = PBXFileReference; lastKnownFileType = sourcecode.c.h; path = AppDelegate.h; sourceTree = "<group>"; };
		399A1B4920943FAA00B28ECC /* AppDelegate.m */ = {isa = PBXFileReference; lastKnownFileType = sourcecode.c.objc; path = AppDelegate.m; sourceTree = "<group>"; };
		399A1B4B20943FAA00B28ECC /* ViewController.h */ = {isa = PBXFileReference; lastKnownFileType = sourcecode.c.h; path = ViewController.h; sourceTree = "<group>"; };
		399A1B4C20943FAA00B28ECC /* ViewController.m */ = {isa = PBXFileReference; lastKnownFileType = sourcecode.c.objc; path = ViewController.m; sourceTree = "<group>"; };
		399A1B4F20943FAA00B28ECC /* Base */ = {isa = PBXFileReference; lastKnownFileType = file.storyboard; name = Base; path = Base.lproj/Main.storyboard; sourceTree = "<group>"; };
		399A1B5120943FAC00B28ECC /* Assets.xcassets */ = {isa = PBXFileReference; lastKnownFileType = folder.assetcatalog; path = Assets.xcassets; sourceTree = "<group>"; };
		399A1B5420943FAC00B28ECC /* Base */ = {isa = PBXFileReference; lastKnownFileType = file.storyboard; name = Base; path = Base.lproj/LaunchScreen.storyboard; sourceTree = "<group>"; };
		399A1B5620943FAC00B28ECC /* Info.plist */ = {isa = PBXFileReference; lastKnownFileType = text.plist.xml; path = Info.plist; sourceTree = "<group>"; };
		399A1B5720943FAC00B28ECC /* main.m */ = {isa = PBXFileReference; lastKnownFileType = sourcecode.c.objc; path = main.m; sourceTree = "<group>"; };
		399A1B5D20943FAC00B28ECC /* YJMusicWaveViewTests.xctest */ = {isa = PBXFileReference; explicitFileType = wrapper.cfbundle; includeInIndex = 0; path = YJMusicWaveViewTests.xctest; sourceTree = BUILT_PRODUCTS_DIR; };
		399A1B6120943FAC00B28ECC /* YJMusicWaveViewTests.m */ = {isa = PBXFileReference; lastKnownFileType = sourcecode.c.objc; path = YJMusicWaveViewTests.m; sourceTree = "<group>"; };
		399A1B6320943FAC00B28ECC /* Info.plist */ = {isa = PBXFileReference; lastKnownFileType = text.plist.xml; path = Info.plist; sourceTree = "<group>"; };
		399A1B6820943FAC00B28ECC /* YJMusicWaveViewUITests.xctest */ = {isa = PBXFileReference; explicitFileType = wrapper.cfbundle; includeInIndex = 0; path = YJMusicWaveViewUITests.xctest; sourceTree = BUILT_PRODUCTS_DIR; };
		399A1B6C20943FAC00B28ECC /* YJMusicWaveViewUITests.m */ = {isa = PBXFileReference; lastKnownFileType = sourcecode.c.objc; path = YJMusicWaveViewUITests.m; sourceTree = "<group>"; };
		399A1B6E20943FAC00B28ECC /* Info.plist */ = {isa = PBXFileReference; lastKnownFileType = text.plist.xml; path = Info.plist; sourceTree = "<group>"; };
		399A1B7B20943FD400B28ECC /* YJMusicWaveView.h */ = {isa = PBXFileReference; lastKnownFileType = sourcecode.c.h; path = YJMusicWaveView.h; sourceTree = "<group>"; };
		399A1B7C20943FD400B28ECC /* YJMusicWaveView.m */ = {isa = PBXFileReference; lastKnownFileType = sourcecode.c.objc; path = YJMusicWaveView.m; sourceTree = "<group>"; };
/* End PBXFileReference section */

/* Begin PBXFrameworksBuildPhase section */
		399A1B4220943FAA00B28ECC /* Frameworks */ = {
			isa = PBXFrameworksBuildPhase;
			buildActionMask = 2147483647;
			files = (
			);
			runOnlyForDeploymentPostprocessing = 0;
		};
		399A1B5A20943FAC00B28ECC /* Frameworks */ = {
			isa = PBXFrameworksBuildPhase;
			buildActionMask = 2147483647;
			files = (
			);
			runOnlyForDeploymentPostprocessing = 0;
		};
		399A1B6520943FAC00B28ECC /* Frameworks */ = {
			isa = PBXFrameworksBuildPhase;
			buildActionMask = 2147483647;
			files = (
			);
			runOnlyForDeploymentPostprocessing = 0;
		};
/* End PBXFrameworksBuildPhase section */

/* Begin PBXGroup section */
		399A1B3C20943FAA00B28ECC = {
			isa = PBXGroup;
			children = (
				399A1B4720943FAA00B28ECC /* YJMusicWaveView */,
				399A1B6020943FAC00B28ECC /* YJMusicWaveViewTests */,
				399A1B6B20943FAC00B28ECC /* YJMusicWaveViewUITests */,
				399A1B4620943FAA00B28ECC /* Products */,
			);
			sourceTree = "<group>";
		};
		399A1B4620943FAA00B28ECC /* Products */ = {
			isa = PBXGroup;
			children = (
				399A1B4520943FAA00B28ECC /* YJMusicWaveView.app */,
				399A1B5D20943FAC00B28ECC /* YJMusicWaveViewTests.xctest */,
				399A1B6820943FAC00B28ECC /* YJMusicWaveViewUITests.xctest */,
			);
			name = Products;
			sourceTree = "<group>";
		};
		399A1B4720943FAA00B28ECC /* YJMusicWaveView */ = {
			isa = PBXGroup;
			children = (
				399A1B7A20943FC700B28ECC /* YJMusicWaveView */,
				399A1B4820943FAA00B28ECC /* AppDelegate.h */,
				399A1B4920943FAA00B28ECC /* AppDelegate.m */,
				399A1B4B20943FAA00B28ECC /* ViewController.h */,
				399A1B4C20943FAA00B28ECC /* ViewController.m */,
				399A1B4E20943FAA00B28ECC /* Main.storyboard */,
				399A1B5120943FAC00B28ECC /* Assets.xcassets */,
				399A1B5320943FAC00B28ECC /* LaunchScreen.storyboard */,
				399A1B5620943FAC00B28ECC /* Info.plist */,
				399A1B5720943FAC00B28ECC /* main.m */,
			);
			path = YJMusicWaveView;
			sourceTree = "<group>";
		};
		399A1B6020943FAC00B28ECC /* YJMusicWaveViewTests */ = {
			isa = PBXGroup;
			children = (
				399A1B6120943FAC00B28ECC /* YJMusicWaveViewTests.m */,
				399A1B6320943FAC00B28ECC /* Info.plist */,
			);
			path = YJMusicWaveViewTests;
			sourceTree = "<group>";
		};
		399A1B6B20943FAC00B28ECC /* YJMusicWaveViewUITests */ = {
			isa = PBXGroup;
			children = (
				399A1B6C20943FAC00B28ECC /* YJMusicWaveViewUITests.m */,
				399A1B6E20943FAC00B28ECC /* Info.plist */,
			);
			path = YJMusicWaveViewUITests;
			sourceTree = "<group>";
		};
		399A1B7A20943FC700B28ECC /* YJMusicWaveView */ = {
			isa = PBXGroup;
			children = (
				399A1B7B20943FD400B28ECC /* YJMusicWaveView.h */,
				399A1B7C20943FD400B28ECC /* YJMusicWaveView.m */,
			);
			path = YJMusicWaveView;
			sourceTree = "<group>";
		};
/* End PBXGroup section */

/* Begin PBXNativeTarget section */
		399A1B4420943FAA00B28ECC /* YJMusicWaveView */ = {
			isa = PBXNativeTarget;
			buildConfigurationList = 399A1B7120943FAC00B28ECC /* Build configuration list for PBXNativeTarget "YJMusicWaveView" */;
			buildPhases = (
				399A1B4120943FAA00B28ECC /* Sources */,
				399A1B4220943FAA00B28ECC /* Frameworks */,
				399A1B4320943FAA00B28ECC /* Resources */,
			);
			buildRules = (
			);
			dependencies = (
			);
			name = YJMusicWaveView;
			productName = YJMusicWaveView;
			productReference = 399A1B4520943FAA00B28ECC /* YJMusicWaveView.app */;
			productType = "com.apple.product-type.application";
		};
		399A1B5C20943FAC00B28ECC /* YJMusicWaveViewTests */ = {
			isa = PBXNativeTarget;
			buildConfigurationList = 399A1B7420943FAC00B28ECC /* Build configuration list for PBXNativeTarget "YJMusicWaveViewTests" */;
			buildPhases = (
				399A1B5920943FAC00B28ECC /* Sources */,
				399A1B5A20943FAC00B28ECC /* Frameworks */,
				399A1B5B20943FAC00B28ECC /* Resources */,
			);
			buildRules = (
			);
			dependencies = (
				399A1B5F20943FAC00B28ECC /* PBXTargetDependency */,
			);
			name = YJMusicWaveViewTests;
			productName = YJMusicWaveViewTests;
			productReference = 399A1B5D20943FAC00B28ECC /* YJMusicWaveViewTests.xctest */;
			productType = "com.apple.product-type.bundle.unit-test";
		};
		399A1B6720943FAC00B28ECC /* YJMusicWaveViewUITests */ = {
			isa = PBXNativeTarget;
			buildConfigurationList = 399A1B7720943FAC00B28ECC /* Build configuration list for PBXNativeTarget "YJMusicWaveViewUITests" */;
			buildPhases = (
				399A1B6420943FAC00B28ECC /* Sources */,
				399A1B6520943FAC00B28ECC /* Frameworks */,
				399A1B6620943FAC00B28ECC /* Resources */,
			);
			buildRules = (
			);
			dependencies = (
				399A1B6A20943FAC00B28ECC /* PBXTargetDependency */,
			);
			name = YJMusicWaveViewUITests;
			productName = YJMusicWaveViewUITests;
			productReference = 399A1B6820943FAC00B28ECC /* YJMusicWaveViewUITests.xctest */;
			productType = "com.apple.product-type.bundle.ui-testing";
		};
/* End PBXNativeTarget section */

/* Begin PBXProject section */
		399A1B3D20943FAA00B28ECC /* Project object */ = {
			isa = PBXProject;
			attributes = {
				LastUpgradeCheck = 0930;
				ORGANIZATIONNAME = YangJing;
				TargetAttributes = {
					399A1B4420943FAA00B28ECC = {
						CreatedOnToolsVersion = 9.3;
					};
					399A1B5C20943FAC00B28ECC = {
						CreatedOnToolsVersion = 9.3;
						TestTargetID = 399A1B4420943FAA00B28ECC;
					};
					399A1B6720943FAC00B28ECC = {
						CreatedOnToolsVersion = 9.3;
						TestTargetID = 399A1B4420943FAA00B28ECC;
					};
				};
			};
			buildConfigurationList = 399A1B4020943FAA00B28ECC /* Build configuration list for PBXProject "YJMusicWaveView" */;
			compatibilityVersion = "Xcode 9.3";
			developmentRegion = en;
			hasScannedForEncodings = 0;
			knownRegions = (
				en,
				Base,
			);
			mainGroup = 399A1B3C20943FAA00B28ECC;
			productRefGroup = 399A1B4620943FAA00B28ECC /* Products */;
			projectDirPath = "";
			projectRoot = "";
			targets = (
				399A1B4420943FAA00B28ECC /* YJMusicWaveView */,
				399A1B5C20943FAC00B28ECC /* YJMusicWaveViewTests */,
				399A1B6720943FAC00B28ECC /* YJMusicWaveViewUITests */,
			);
		};
/* End PBXProject section */

/* Begin PBXResourcesBuildPhase section */
		399A1B4320943FAA00B28ECC /* Resources */ = {
			isa = PBXResourcesBuildPhase;
			buildActionMask = 2147483647;
			files = (
				399A1B5520943FAC00B28ECC /* LaunchScreen.storyboard in Resources */,
				399A1B5220943FAC00B28ECC /* Assets.xcassets in Resources */,
				399A1B5020943FAA00B28ECC /* Main.storyboard in Resources */,
			);
			runOnlyForDeploymentPostprocessing = 0;
		};
		399A1B5B20943FAC00B28ECC /* Resources */ = {
			isa = PBXResourcesBuildPhase;
			buildActionMask = 2147483647;
			files = (
			);
			runOnlyForDeploymentPostprocessing = 0;
		};
		399A1B6620943FAC00B28ECC /* Resources */ = {
			isa = PBXResourcesBuildPhase;
			buildActionMask = 2147483647;
			files = (
			);
			runOnlyForDeploymentPostprocessing = 0;
		};
/* End PBXResourcesBuildPhase section */

/* Begin PBXSourcesBuildPhase section */
		399A1B4120943FAA00B28ECC /* Sources */ = {
			isa = PBXSourcesBuildPhase;
			buildActionMask = 2147483647;
			files = (
				399A1B4D20943FAA00B28ECC /* ViewController.m in Sources */,
				399A1B5820943FAC00B28ECC /* main.m in Sources */,
				399A1B7D20943FD400B28ECC /* YJMusicWaveView.m in Sources */,
				399A1B4A20943FAA00B28ECC /* AppDelegate.m in Sources */,
			);
			runOnlyForDeploymentPostprocessing = 0;
		};
		399A1B5920943FAC00B28ECC /* Sources */ = {
			isa = PBXSourcesBuildPhase;
			buildActionMask = 2147483647;
			files = (
				399A1B6220943FAC00B28ECC /* YJMusicWaveViewTests.m in Sources */,
			);
			runOnlyForDeploymentPostprocessing = 0;
		};
		399A1B6420943FAC00B28ECC /* Sources */ = {
			isa = PBXSourcesBuildPhase;
			buildActionMask = 2147483647;
			files = (
				399A1B6D20943FAC00B28ECC /* YJMusicWaveViewUITests.m in Sources */,
			);
			runOnlyForDeploymentPostprocessing = 0;
		};
/* End PBXSourcesBuildPhase section */

/* Begin PBXTargetDependency section */
		399A1B5F20943FAC00B28ECC /* PBXTargetDependency */ = {
			isa = PBXTargetDependency;
			target = 399A1B4420943FAA00B28ECC /* YJMusicWaveView */;
			targetProxy = 399A1B5E20943FAC00B28ECC /* PBXContainerItemProxy */;
		};
		399A1B6A20943FAC00B28ECC /* PBXTargetDependency */ = {
			isa = PBXTargetDependency;
			target = 399A1B4420943FAA00B28ECC /* YJMusicWaveView */;
			targetProxy = 399A1B6920943FAC00B28ECC /* PBXContainerItemProxy */;
		};
/* End PBXTargetDependency section */

/* Begin PBXVariantGroup section */
		399A1B4E20943FAA00B28ECC /* Main.storyboard */ = {
			isa = PBXVariantGroup;
			children = (
				399A1B4F20943FAA00B28ECC /* Base */,
			);
			name = Main.storyboard;
			sourceTree = "<group>";
		};
		399A1B5320943FAC00B28ECC /* LaunchScreen.storyboard */ = {
			isa = PBXVariantGroup;
			children = (
				399A1B5420943FAC00B28ECC /* Base */,
			);
			name = LaunchScreen.storyboard;
			sourceTree = "<group>";
		};
/* End PBXVariantGroup section */

/* Begin XCBuildConfiguration section */
		399A1B6F20943FAC00B28ECC /* Debug */ = {
			isa = XCBuildConfiguration;
			buildSettings = {
				ALWAYS_SEARCH_USER_PATHS = NO;
				CLANG_ANALYZER_NONNULL = YES;
				CLANG_ANALYZER_NUMBER_OBJECT_CONVERSION = YES_AGGRESSIVE;
				CLANG_CXX_LANGUAGE_STANDARD = "gnu++14";
				CLANG_CXX_LIBRARY = "libc++";
				CLANG_ENABLE_MODULES = YES;
				CLANG_ENABLE_OBJC_ARC = YES;
				CLANG_ENABLE_OBJC_WEAK = YES;
				CLANG_WARN_BLOCK_CAPTURE_AUTORELEASING = YES;
				CLANG_WARN_BOOL_CONVERSION = YES;
				CLANG_WARN_COMMA = YES;
				CLANG_WARN_CONSTANT_CONVERSION = YES;
				CLANG_WARN_DEPRECATED_OBJC_IMPLEMENTATIONS = YES;
				CLANG_WARN_DIRECT_OBJC_ISA_USAGE = YES_ERROR;
				CLANG_WARN_DOCUMENTATION_COMMENTS = YES;
				CLANG_WARN_EMPTY_BODY = YES;
				CLANG_WARN_ENUM_CONVERSION = YES;
				CLANG_WARN_INFINITE_RECURSION = YES;
				CLANG_WARN_INT_CONVERSION = YES;
				CLANG_WARN_NON_LITERAL_NULL_CONVERSION = YES;
				CLANG_WARN_OBJC_IMPLICIT_RETAIN_SELF = YES;
				CLANG_WARN_OBJC_LITERAL_CONVERSION = YES;
				CLANG_WARN_OBJC_ROOT_CLASS = YES_ERROR;
				CLANG_WARN_RANGE_LOOP_ANALYSIS = YES;
				CLANG_WARN_STRICT_PROTOTYPES = YES;
				CLANG_WARN_SUSPICIOUS_MOVE = YES;
				CLANG_WARN_UNGUARDED_AVAILABILITY = YES_AGGRESSIVE;
				CLANG_WARN_UNREACHABLE_CODE = YES;
				CLANG_WARN__DUPLICATE_METHOD_MATCH = YES;
				CODE_SIGN_IDENTITY = "iPhone Developer";
				COPY_PHASE_STRIP = NO;
				DEBUG_INFORMATION_FORMAT = dwarf;
				ENABLE_STRICT_OBJC_MSGSEND = YES;
				ENABLE_TESTABILITY = YES;
				GCC_C_LANGUAGE_STANDARD = gnu11;
				GCC_DYNAMIC_NO_PIC = NO;
				GCC_NO_COMMON_BLOCKS = YES;
				GCC_OPTIMIZATION_LEVEL = 0;
				GCC_PREPROCESSOR_DEFINITIONS = (
					"DEBUG=1",
					"$(inherited)",
				);
				GCC_WARN_64_TO_32_BIT_CONVERSION = YES;
				GCC_WARN_ABOUT_RETURN_TYPE = YES_ERROR;
				GCC_WARN_UNDECLARED_SELECTOR = YES;
				GCC_WARN_UNINITIALIZED_AUTOS = YES_AGGRESSIVE;
				GCC_WARN_UNUSED_FUNCTION = YES;
				GCC_WARN_UNUSED_VARIABLE = YES;
				IPHONEOS_DEPLOYMENT_TARGET = 11.3;
				MTL_ENABLE_DEBUG_INFO = YES;
				ONLY_ACTIVE_ARCH = YES;
				SDKROOT = iphoneos;
			};
			name = Debug;
		};
		399A1B7020943FAC00B28ECC /* Release */ = {
			isa = XCBuildConfiguration;
			buildSettings = {
				ALWAYS_SEARCH_USER_PATHS = NO;
				CLANG_ANALYZER_NONNULL = YES;
				CLANG_ANALYZER_NUMBER_OBJECT_CONVERSION = YES_AGGRESSIVE;
				CLANG_CXX_LANGUAGE_STANDARD = "gnu++14";
				CLANG_CXX_LIBRARY = "libc++";
				CLANG_ENABLE_MODULES = YES;
				CLANG_ENABLE_OBJC_ARC = YES;
				CLANG_ENABLE_OBJC_WEAK = YES;
				CLANG_WARN_BLOCK_CAPTURE_AUTORELEASING = YES;
				CLANG_WARN_BOOL_CONVERSION = YES;
				CLANG_WARN_COMMA = YES;
				CLANG_WARN_CONSTANT_CONVERSION = YES;
				CLANG_WARN_DEPRECATED_OBJC_IMPLEMENTATIONS = YES;
				CLANG_WARN_DIRECT_OBJC_ISA_USAGE = YES_ERROR;
				CLANG_WARN_DOCUMENTATION_COMMENTS = YES;
				CLANG_WARN_EMPTY_BODY = YES;
				CLANG_WARN_ENUM_CONVERSION = YES;
				CLANG_WARN_INFINITE_RECURSION = YES;
				CLANG_WARN_INT_CONVERSION = YES;
				CLANG_WARN_NON_LITERAL_NULL_CONVERSION = YES;
				CLANG_WARN_OBJC_IMPLICIT_RETAIN_SELF = YES;
				CLANG_WARN_OBJC_LITERAL_CONVERSION = YES;
				CLANG_WARN_OBJC_ROOT_CLASS = YES_ERROR;
				CLANG_WARN_RANGE_LOOP_ANALYSIS = YES;
				CLANG_WARN_STRICT_PROTOTYPES = YES;
				CLANG_WARN_SUSPICIOUS_MOVE = YES;
				CLANG_WARN_UNGUARDED_AVAILABILITY = YES_AGGRESSIVE;
				CLANG_WARN_UNREACHABLE_CODE = YES;
				CLANG_WARN__DUPLICATE_METHOD_MATCH = YES;
				CODE_SIGN_IDENTITY = "iPhone Developer";
				COPY_PHASE_STRIP = NO;
				DEBUG_INFORMATION_FORMAT = "dwarf-with-dsym";
				ENABLE_NS_ASSERTIONS = NO;
				ENABLE_STRICT_OBJC_MSGSEND = YES;
				GCC_C_LANGUAGE_STANDARD = gnu11;
				GCC_NO_COMMON_BLOCKS = YES;
				GCC_WARN_64_TO_32_BIT_CONVERSION = YES;
				GCC_WARN_ABOUT_RETURN_TYPE = YES_ERROR;
				GCC_WARN_UNDECLARED_SELECTOR = YES;
				GCC_WARN_UNINITIALIZED_AUTOS = YES_AGGRESSIVE;
				GCC_WARN_UNUSED_FUNCTION = YES;
				GCC_WARN_UNUSED_VARIABLE = YES;
				IPHONEOS_DEPLOYMENT_TARGET = 11.3;
				MTL_ENABLE_DEBUG_INFO = NO;
				SDKROOT = iphoneos;
				VALIDATE_PRODUCT = YES;
			};
			name = Release;
		};
		399A1B7220943FAC00B28ECC /* Debug */ = {
			isa = XCBuildConfiguration;
			buildSettings = {
				ASSETCATALOG_COMPILER_APPICON_NAME = AppIcon;
				CODE_SIGN_STYLE = Automatic;
				DEVELOPMENT_TEAM = 475L2MZD72;
				INFOPLIST_FILE = YJMusicWaveView/Info.plist;
				LD_RUNPATH_SEARCH_PATHS = (
					"$(inherited)",
					"@executable_path/Frameworks",
				);
				PRODUCT_BUNDLE_IDENTIFIER = yangjing.YJMusicWaveView;
				PRODUCT_NAME = "$(TARGET_NAME)";
				TARGETED_DEVICE_FAMILY = "1,2";
			};
			name = Debug;
		};
		399A1B7320943FAC00B28ECC /* Release */ = {
			isa = XCBuildConfiguration;
			buildSettings = {
				ASSETCATALOG_COMPILER_APPICON_NAME = AppIcon;
				CODE_SIGN_STYLE = Automatic;
				DEVELOPMENT_TEAM = 475L2MZD72;
				INFOPLIST_FILE = YJMusicWaveView/Info.plist;
				LD_RUNPATH_SEARCH_PATHS = (
					"$(inherited)",
					"@executable_path/Frameworks",
				);
				PRODUCT_BUNDLE_IDENTIFIER = yangjing.YJMusicWaveView;
				PRODUCT_NAME = "$(TARGET_NAME)";
				TARGETED_DEVICE_FAMILY = "1,2";
			};
			name = Release;
		};
		399A1B7520943FAC00B28ECC /* Debug */ = {
			isa = XCBuildConfiguration;
			buildSettings = {
				BUNDLE_LOADER = "$(TEST_HOST)";
				CODE_SIGN_STYLE = Automatic;
				DEVELOPMENT_TEAM = 475L2MZD72;
				INFOPLIST_FILE = YJMusicWaveViewTests/Info.plist;
				LD_RUNPATH_SEARCH_PATHS = (
					"$(inherited)",
					"@executable_path/Frameworks",
					"@loader_path/Frameworks",
				);
				PRODUCT_BUNDLE_IDENTIFIER = yangjing.YJMusicWaveViewTests;
				PRODUCT_NAME = "$(TARGET_NAME)";
				TARGETED_DEVICE_FAMILY = "1,2";
				TEST_HOST = "$(BUILT_PRODUCTS_DIR)/YJMusicWaveView.app/YJMusicWaveView";
			};
			name = Debug;
		};
		399A1B7620943FAC00B28ECC /* Release */ = {
			isa = XCBuildConfiguration;
			buildSettings = {
				BUNDLE_LOADER = "$(TEST_HOST)";
				CODE_SIGN_STYLE = Automatic;
				DEVELOPMENT_TEAM = 475L2MZD72;
				INFOPLIST_FILE = YJMusicWaveViewTests/Info.plist;
				LD_RUNPATH_SEARCH_PATHS = (
					"$(inherited)",
					"@executable_path/Frameworks",
					"@loader_path/Frameworks",
				);
				PRODUCT_BUNDLE_IDENTIFIER = yangjing.YJMusicWaveViewTests;
				PRODUCT_NAME = "$(TARGET_NAME)";
				TARGETED_DEVICE_FAMILY = "1,2";
				TEST_HOST = "$(BUILT_PRODUCTS_DIR)/YJMusicWaveView.app/YJMusicWaveView";
			};
			name = Release;
		};
		399A1B7820943FAC00B28ECC /* Debug */ = {
			isa = XCBuildConfiguration;
			buildSettings = {
				CODE_SIGN_STYLE = Automatic;
				DEVELOPMENT_TEAM = 475L2MZD72;
				INFOPLIST_FILE = YJMusicWaveViewUITests/Info.plist;
				LD_RUNPATH_SEARCH_PATHS = (
					"$(inherited)",
					"@executable_path/Frameworks",
					"@loader_path/Frameworks",
				);
				PRODUCT_BUNDLE_IDENTIFIER = yangjing.YJMusicWaveViewUITests;
				PRODUCT_NAME = "$(TARGET_NAME)";
				TARGETED_DEVICE_FAMILY = "1,2";
				TEST_TARGET_NAME = YJMusicWaveView;
			};
			name = Debug;
		};
		399A1B7920943FAC00B28ECC /* Release */ = {
			isa = XCBuildConfiguration;
			buildSettings = {
				CODE_SIGN_STYLE = Automatic;
				DEVELOPMENT_TEAM = 475L2MZD72;
				INFOPLIST_FILE = YJMusicWaveViewUITests/Info.plist;
				LD_RUNPATH_SEARCH_PATHS = (
					"$(inherited)",
					"@executable_path/Frameworks",
					"@loader_path/Frameworks",
				);
				PRODUCT_BUNDLE_IDENTIFIER = yangjing.YJMusicWaveViewUITests;
				PRODUCT_NAME = "$(TARGET_NAME)";
				TARGETED_DEVICE_FAMILY = "1,2";
				TEST_TARGET_NAME = YJMusicWaveView;
			};
			name = Release;
		};
/* End XCBuildConfiguration section */

/* Begin XCConfigurationList section */
		399A1B4020943FAA00B28ECC /* Build configuration list for PBXProject "YJMusicWaveView" */ = {
			isa = XCConfigurationList;
			buildConfigurations = (
				399A1B6F20943FAC00B28ECC /* Debug */,
				399A1B7020943FAC00B28ECC /* Release */,
			);
			defaultConfigurationIsVisible = 0;
			defaultConfigurationName = Release;
		};
		399A1B7120943FAC00B28ECC /* Build configuration list for PBXNativeTarget "YJMusicWaveView" */ = {
			isa = XCConfigurationList;
			buildConfigurations = (
				399A1B7220943FAC00B28ECC /* Debug */,
				399A1B7320943FAC00B28ECC /* Release */,
			);
			defaultConfigurationIsVisible = 0;
			defaultConfigurationName = Release;
		};
		399A1B7420943FAC00B28ECC /* Build configuration list for PBXNativeTarget "YJMusicWaveViewTests" */ = {
			isa = XCConfigurationList;
			buildConfigurations = (
				399A1B7520943FAC00B28ECC /* Debug */,
				399A1B7620943FAC00B28ECC /* Release */,
			);
			defaultConfigurationIsVisible = 0;
			defaultConfigurationName = Release;
		};
		399A1B7720943FAC00B28ECC /* Build configuration list for PBXNativeTarget "YJMusicWaveViewUITests" */ = {
			isa = XCConfigurationList;
			buildConfigurations = (
				399A1B7820943FAC00B28ECC /* Debug */,
				399A1B7920943FAC00B28ECC /* Release */,
			);
			defaultConfigurationIsVisible = 0;
			defaultConfigurationName = Release;
		};
/* End XCConfigurationList section */
	};
	rootObject = 399A1B3D20943FAA00B28ECC /* Project object */;
}
